
Microsoft Visual Studio Solution File, Format Version 12.00
# Visual Studio Version 17
VisualStudioVersion = 17.13.35931.197 d17.13
MinimumVisualStudioVersion = 10.0.40219.1
Project("{8BC9CEB8-8B4A-11D0-8D11-00A0C91BC942}") = "StackByArrayandLlist", "StackByArrayandLlist\StackByArrayandLlist.vcxproj", "{84EA6E95-887B-4CDA-8A6A-893E5C4664A1}"
EndProject
Global
	GlobalSection(SolutionConfigurationPlatforms) = preSolution
		Debug|x64 = Debug|x64
		Debug|x86 = Debug|x86
		Release|x64 = Release|x64
		Release|x86 = Release|x86
	EndGlobalSection
	GlobalSection(ProjectConfigurationPlatforms) = postSolution
		{84EA6E95-887B-4CDA-8A6A-893E5C4664A1}.Debug|x64.ActiveCfg = Debug|x64
		{84EA6E95-887B-4CDA-8A6A-893E5C4664A1}.Debug|x64.Build.0 = Debug|x64
		{84EA6E95-887B-4CDA-8A6A-893E5C4664A1}.Debug|x86.ActiveCfg = Debug|Win32
		{84EA6E95-887B-4CDA-8A6A-893E5C4664A1}.Debug|x86.Build.0 = Debug|Win32
		{84EA6E95-887B-4CDA-8A6A-893E5C4664A1}.Release|x64.ActiveCfg = Release|x64
		{84EA6E95-887B-4CDA-8A6A-893E5C4664A1}.Release|x64.Build.0 = Release|x64
		{84EA6E95-887B-4CDA-8A6A-893E5C4664A1}.Release|x86.ActiveCfg = Release|Win32
		{84EA6E95-887B-4CDA-8A6A-893E5C4664A1}.Release|x86.Build.0 = Release|Win32
	EndGlobalSection
	GlobalSection(SolutionProperties) = preSolution
		HideSolutionNode = FALSE
	EndGlobalSection
	GlobalSection(ExtensibilityGlobals) = postSolution
		SolutionGuid = {42C435C7-8277-4CA8-B18A-DF15AC9BDAB2}
	EndGlobalSection
EndGlobal
